// !$*UTF8*$!
{
	archiveVersion = 1;
	classes = {
	};
	objectVersion = 55;
	objects = {

/* Begin PBXBuildFile section */
		3D7347380C20716A478AD416 /* Pods_kyivstar.framework in Frameworks */ = {isa = PBXBuildFile; fileRef = CE43D7DFFC4B2CD6225FDD4F /* Pods_kyivstar.framework */; };
		D8CFD23E29CB21B800B50CFD /* AppDelegate.swift in Sources */ = {isa = PBXBuildFile; fileRef = D8CFD23D29CB21B800B50CFD /* AppDelegate.swift */; };
		D8CFD24029CB21B800B50CFD /* SceneDelegate.swift in Sources */ = {isa = PBXBuildFile; fileRef = D8CFD23F29CB21B800B50CFD /* SceneDelegate.swift */; };
		D8CFD24229CB21B800B50CFD /* HomeViewController.swift in Sources */ = {isa = PBXBuildFile; fileRef = D8CFD24129CB21B800B50CFD /* HomeViewController.swift */; };
		D8CFD24729CB21BB00B50CFD /* Assets.xcassets in Resources */ = {isa = PBXBuildFile; fileRef = D8CFD24629CB21BB00B50CFD /* Assets.xcassets */; };
		D8CFD24A29CB21BB00B50CFD /* LaunchScreen.storyboard in Resources */ = {isa = PBXBuildFile; fileRef = D8CFD24829CB21BB00B50CFD /* LaunchScreen.storyboard */; };
		D8CFD26429CB3D6A00B50CFD /* SectionHeaderView.swift in Sources */ = {isa = PBXBuildFile; fileRef = D8CFD26329CB3D6A00B50CFD /* SectionHeaderView.swift */; };
		D8CFD26A29CB44FB00B50CFD /* UICollectionView+ReuseId.swift in Sources */ = {isa = PBXBuildFile; fileRef = D8CFD26929CB44FB00B50CFD /* UICollectionView+ReuseId.swift */; };
		D8CFD26D29CB7A7900B50CFD /* CategoryCollectionViewCell.swift in Sources */ = {isa = PBXBuildFile; fileRef = D8CFD26C29CB7A7900B50CFD /* CategoryCollectionViewCell.swift */; };
		D8CFD26F29CB7C7D00B50CFD /* NoveltyCollectionViewCell.swift in Sources */ = {isa = PBXBuildFile; fileRef = D8CFD26E29CB7C7D00B50CFD /* NoveltyCollectionViewCell.swift */; };
		D8CFD27129CB7D7800B50CFD /* ChildrenCollectionViewCell.swift in Sources */ = {isa = PBXBuildFile; fileRef = D8CFD27029CB7D7800B50CFD /* ChildrenCollectionViewCell.swift */; };
		D8CFD27B29CB8A1000B50CFD /* Promotion.swift in Sources */ = {isa = PBXBuildFile; fileRef = D8CFD27A29CB8A1000B50CFD /* Promotion.swift */; };
		D8CFD27D29CB8B8800B50CFD /* Layout.swift in Sources */ = {isa = PBXBuildFile; fileRef = D8CFD27C29CB8B8800B50CFD /* Layout.swift */; };
		D8CFD28129CB8C6400B50CFD /* Item.swift in Sources */ = {isa = PBXBuildFile; fileRef = D8CFD28029CB8C6400B50CFD /* Item.swift */; };
		D8CFD28729CB9AB600B50CFD /* Asset.swift in Sources */ = {isa = PBXBuildFile; fileRef = D8CFD28629CB9AB600B50CFD /* Asset.swift */; };
		D8CFD28929CB9AC300B50CFD /* Category.swift in Sources */ = {isa = PBXBuildFile; fileRef = D8CFD28829CB9AC300B50CFD /* Category.swift */; };
		D8CFD28B29CB9D6000B50CFD /* HomeViewModel.swift in Sources */ = {isa = PBXBuildFile; fileRef = D8CFD28A29CB9D6000B50CFD /* HomeViewModel.swift */; };
		D8CFD28D29CBA3FD00B50CFD /* PromotionCollectionViewCell.swift in Sources */ = {isa = PBXBuildFile; fileRef = D8CFD28C29CBA3FD00B50CFD /* PromotionCollectionViewCell.swift */; };
		D8CFD28F29CBA45B00B50CFD /* EducationalCollectionViewCell.swift in Sources */ = {isa = PBXBuildFile; fileRef = D8CFD28E29CBA45B00B50CFD /* EducationalCollectionViewCell.swift */; };
		D8CFD29729CBA84700B50CFD /* GeneratorEndpoint.swift in Sources */ = {isa = PBXBuildFile; fileRef = D8CFD29629CBA84700B50CFD /* GeneratorEndpoint.swift */; };
		D8CFD29929CBAA1A00B50CFD /* GeneratorRepository.swift in Sources */ = {isa = PBXBuildFile; fileRef = D8CFD29829CBAA1A00B50CFD /* GeneratorRepository.swift */; };
		D8CFD29B29CBAAAE00B50CFD /* GetCategoriesResponse.swift in Sources */ = {isa = PBXBuildFile; fileRef = D8CFD29A29CBAAAE00B50CFD /* GetCategoriesResponse.swift */; };
		D8CFD29E29CBAD3A00B50CFD /* CachedImageView.swift in Sources */ = {isa = PBXBuildFile; fileRef = D8CFD29D29CBAD3A00B50CFD /* CachedImageView.swift */; };
		D8CFD2A029CBAFE100B50CFD /* Cache.swift in Sources */ = {isa = PBXBuildFile; fileRef = D8CFD29F29CBAFE100B50CFD /* Cache.swift */; };
/* End PBXBuildFile section */

/* Begin PBXFileReference section */
		3F95DF8056D51543401FA058 /* Pods-kyivstar.debug.xcconfig */ = {isa = PBXFileReference; includeInIndex = 1; lastKnownFileType = text.xcconfig; name = "Pods-kyivstar.debug.xcconfig"; path = "Target Support Files/Pods-kyivstar/Pods-kyivstar.debug.xcconfig"; sourceTree = "<group>"; };
		672DBF4E922080DB492D58A2 /* Pods-kyivstar.release.xcconfig */ = {isa = PBXFileReference; includeInIndex = 1; lastKnownFileType = text.xcconfig; name = "Pods-kyivstar.release.xcconfig"; path = "Target Support Files/Pods-kyivstar/Pods-kyivstar.release.xcconfig"; sourceTree = "<group>"; };
		CE43D7DFFC4B2CD6225FDD4F /* Pods_kyivstar.framework */ = {isa = PBXFileReference; explicitFileType = wrapper.framework; includeInIndex = 0; path = Pods_kyivstar.framework; sourceTree = BUILT_PRODUCTS_DIR; };
		D8CFD23A29CB21B700B50CFD /* kyivstar.app */ = {isa = PBXFileReference; explicitFileType = wrapper.application; includeInIndex = 0; path = kyivstar.app; sourceTree = BUILT_PRODUCTS_DIR; };
		D8CFD23D29CB21B800B50CFD /* AppDelegate.swift */ = {isa = PBXFileReference; lastKnownFileType = sourcecode.swift; path = AppDelegate.swift; sourceTree = "<group>"; };
		D8CFD23F29CB21B800B50CFD /* SceneDelegate.swift */ = {isa = PBXFileReference; lastKnownFileType = sourcecode.swift; path = SceneDelegate.swift; sourceTree = "<group>"; };
		D8CFD24129CB21B800B50CFD /* HomeViewController.swift */ = {isa = PBXFileReference; lastKnownFileType = sourcecode.swift; path = HomeViewController.swift; sourceTree = "<group>"; };
		D8CFD24629CB21BB00B50CFD /* Assets.xcassets */ = {isa = PBXFileReference; lastKnownFileType = folder.assetcatalog; path = Assets.xcassets; sourceTree = "<group>"; };
		D8CFD24929CB21BB00B50CFD /* Base */ = {isa = PBXFileReference; lastKnownFileType = file.storyboard; name = Base; path = Base.lproj/LaunchScreen.storyboard; sourceTree = "<group>"; };
		D8CFD24B29CB21BB00B50CFD /* Info.plist */ = {isa = PBXFileReference; lastKnownFileType = text.plist.xml; path = Info.plist; sourceTree = "<group>"; };
		D8CFD26329CB3D6A00B50CFD /* SectionHeaderView.swift */ = {isa = PBXFileReference; lastKnownFileType = sourcecode.swift; path = SectionHeaderView.swift; sourceTree = "<group>"; };
		D8CFD26929CB44FB00B50CFD /* UICollectionView+ReuseId.swift */ = {isa = PBXFileReference; lastKnownFileType = sourcecode.swift; path = "UICollectionView+ReuseId.swift"; sourceTree = "<group>"; };
		D8CFD26C29CB7A7900B50CFD /* CategoryCollectionViewCell.swift */ = {isa = PBXFileReference; lastKnownFileType = sourcecode.swift; path = CategoryCollectionViewCell.swift; sourceTree = "<group>"; };
		D8CFD26E29CB7C7D00B50CFD /* NoveltyCollectionViewCell.swift */ = {isa = PBXFileReference; lastKnownFileType = sourcecode.swift; path = NoveltyCollectionViewCell.swift; sourceTree = "<group>"; };
		D8CFD27029CB7D7800B50CFD /* ChildrenCollectionViewCell.swift */ = {isa = PBXFileReference; lastKnownFileType = sourcecode.swift; path = ChildrenCollectionViewCell.swift; sourceTree = "<group>"; };
		D8CFD27A29CB8A1000B50CFD /* Promotion.swift */ = {isa = PBXFileReference; lastKnownFileType = sourcecode.swift; path = Promotion.swift; sourceTree = "<group>"; };
		D8CFD27C29CB8B8800B50CFD /* Layout.swift */ = {isa = PBXFileReference; lastKnownFileType = sourcecode.swift; path = Layout.swift; sourceTree = "<group>"; };
		D8CFD28029CB8C6400B50CFD /* Item.swift */ = {isa = PBXFileReference; lastKnownFileType = sourcecode.swift; path = Item.swift; sourceTree = "<group>"; };
		D8CFD28629CB9AB600B50CFD /* Asset.swift */ = {isa = PBXFileReference; lastKnownFileType = sourcecode.swift; path = Asset.swift; sourceTree = "<group>"; };
		D8CFD28829CB9AC300B50CFD /* Category.swift */ = {isa = PBXFileReference; lastKnownFileType = sourcecode.swift; path = Category.swift; sourceTree = "<group>"; };
		D8CFD28A29CB9D6000B50CFD /* HomeViewModel.swift */ = {isa = PBXFileReference; lastKnownFileType = sourcecode.swift; path = HomeViewModel.swift; sourceTree = "<group>"; };
		D8CFD28C29CBA3FD00B50CFD /* PromotionCollectionViewCell.swift */ = {isa = PBXFileReference; lastKnownFileType = sourcecode.swift; path = PromotionCollectionViewCell.swift; sourceTree = "<group>"; };
		D8CFD28E29CBA45B00B50CFD /* EducationalCollectionViewCell.swift */ = {isa = PBXFileReference; lastKnownFileType = sourcecode.swift; path = EducationalCollectionViewCell.swift; sourceTree = "<group>"; };
		D8CFD29629CBA84700B50CFD /* GeneratorEndpoint.swift */ = {isa = PBXFileReference; lastKnownFileType = sourcecode.swift; path = GeneratorEndpoint.swift; sourceTree = "<group>"; };
		D8CFD29829CBAA1A00B50CFD /* GeneratorRepository.swift */ = {isa = PBXFileReference; lastKnownFileType = sourcecode.swift; path = GeneratorRepository.swift; sourceTree = "<group>"; };
		D8CFD29A29CBAAAE00B50CFD /* GetCategoriesResponse.swift */ = {isa = PBXFileReference; lastKnownFileType = sourcecode.swift; path = GetCategoriesResponse.swift; sourceTree = "<group>"; };
		D8CFD29D29CBAD3A00B50CFD /* CachedImageView.swift */ = {isa = PBXFileReference; lastKnownFileType = sourcecode.swift; path = CachedImageView.swift; sourceTree = "<group>"; };
		D8CFD29F29CBAFE100B50CFD /* Cache.swift */ = {isa = PBXFileReference; lastKnownFileType = sourcecode.swift; path = Cache.swift; sourceTree = "<group>"; };
/* End PBXFileReference section */

/* Begin PBXFrameworksBuildPhase section */
		D8CFD23729CB21B700B50CFD /* Frameworks */ = {
			isa = PBXFrameworksBuildPhase;
			buildActionMask = 2147483647;
			files = (
				3D7347380C20716A478AD416 /* Pods_kyivstar.framework in Frameworks */,
			);
			runOnlyForDeploymentPostprocessing = 0;
		};
/* End PBXFrameworksBuildPhase section */

/* Begin PBXGroup section */
		769D2571F467704598B95BBC /* Frameworks */ = {
			isa = PBXGroup;
			children = (
				CE43D7DFFC4B2CD6225FDD4F /* Pods_kyivstar.framework */,
			);
			name = Frameworks;
			sourceTree = "<group>";
		};
		859DFC189DBA7CAA159EEF34 /* Pods */ = {
			isa = PBXGroup;
			children = (
				3F95DF8056D51543401FA058 /* Pods-kyivstar.debug.xcconfig */,
				672DBF4E922080DB492D58A2 /* Pods-kyivstar.release.xcconfig */,
			);
			path = Pods;
			sourceTree = "<group>";
		};
		D8CFD23129CB21B700B50CFD = {
			isa = PBXGroup;
			children = (
				D8CFD23C29CB21B700B50CFD /* kyivstar */,
				D8CFD23B29CB21B700B50CFD /* Products */,
				859DFC189DBA7CAA159EEF34 /* Pods */,
				769D2571F467704598B95BBC /* Frameworks */,
			);
			sourceTree = "<group>";
		};
		D8CFD23B29CB21B700B50CFD /* Products */ = {
			isa = PBXGroup;
			children = (
				D8CFD23A29CB21B700B50CFD /* kyivstar.app */,
			);
			name = Products;
			sourceTree = "<group>";
		};
		D8CFD23C29CB21B700B50CFD /* kyivstar */ = {
			isa = PBXGroup;
			children = (
				D8CFD23D29CB21B800B50CFD /* AppDelegate.swift */,
				D8CFD23F29CB21B800B50CFD /* SceneDelegate.swift */,
				D8CFD27229CB881200B50CFD /* Screens */,
				D8CFD29129CBA70200B50CFD /* Networking */,
				D8CFD29C29CBAD2F00B50CFD /* Features */,
				D8CFD26B29CB450E00B50CFD /* Extension */,
				D8CFD24829CB21BB00B50CFD /* LaunchScreen.storyboard */,
				D8CFD24629CB21BB00B50CFD /* Assets.xcassets */,
				D8CFD24B29CB21BB00B50CFD /* Info.plist */,
			);
			path = kyivstar;
			sourceTree = "<group>";
		};
		D8CFD26B29CB450E00B50CFD /* Extension */ = {
			isa = PBXGroup;
			children = (
				D8CFD26929CB44FB00B50CFD /* UICollectionView+ReuseId.swift */,
			);
			path = Extension;
			sourceTree = "<group>";
		};
		D8CFD27229CB881200B50CFD /* Screens */ = {
			isa = PBXGroup;
			children = (
				D8CFD27329CB881600B50CFD /* Home */,
			);
			path = Screens;
			sourceTree = "<group>";
		};
		D8CFD27329CB881600B50CFD /* Home */ = {
			isa = PBXGroup;
			children = (
				D8CFD27429CB882300B50CFD /* Model */,
				D8CFD27529CB882700B50CFD /* View */,
				D8CFD27629CB882A00B50CFD /* ViewModel */,
			);
			path = Home;
			sourceTree = "<group>";
		};
		D8CFD27429CB882300B50CFD /* Model */ = {
			isa = PBXGroup;
			children = (
				D8CFD28629CB9AB600B50CFD /* Asset.swift */,
				D8CFD28829CB9AC300B50CFD /* Category.swift */,
				D8CFD27A29CB8A1000B50CFD /* Promotion.swift */,
				D8CFD27C29CB8B8800B50CFD /* Layout.swift */,
				D8CFD28029CB8C6400B50CFD /* Item.swift */,
			);
			path = Model;
			sourceTree = "<group>";
		};
		D8CFD27529CB882700B50CFD /* View */ = {
			isa = PBXGroup;
			children = (
				D8CFD29029CBA59F00B50CFD /* Reusable */,
				D8CFD24129CB21B800B50CFD /* HomeViewController.swift */,
			);
			path = View;
			sourceTree = "<group>";
		};
		D8CFD27629CB882A00B50CFD /* ViewModel */ = {
			isa = PBXGroup;
			children = (
				D8CFD28A29CB9D6000B50CFD /* HomeViewModel.swift */,
			);
			path = ViewModel;
			sourceTree = "<group>";
		};
		D8CFD29029CBA59F00B50CFD /* Reusable */ = {
			isa = PBXGroup;
			children = (
				D8CFD26329CB3D6A00B50CFD /* SectionHeaderView.swift */,
				D8CFD28C29CBA3FD00B50CFD /* PromotionCollectionViewCell.swift */,
				D8CFD26C29CB7A7900B50CFD /* CategoryCollectionViewCell.swift */,
				D8CFD26E29CB7C7D00B50CFD /* NoveltyCollectionViewCell.swift */,
				D8CFD27029CB7D7800B50CFD /* ChildrenCollectionViewCell.swift */,
				D8CFD28E29CBA45B00B50CFD /* EducationalCollectionViewCell.swift */,
			);
			path = Reusable;
			sourceTree = "<group>";
		};
		D8CFD29129CBA70200B50CFD /* Networking */ = {
			isa = PBXGroup;
			children = (
				D8CFD29629CBA84700B50CFD /* GeneratorEndpoint.swift */,
				D8CFD29A29CBAAAE00B50CFD /* GetCategoriesResponse.swift */,
				D8CFD29829CBAA1A00B50CFD /* GeneratorRepository.swift */,
			);
			path = Networking;
			sourceTree = "<group>";
		};
		D8CFD29C29CBAD2F00B50CFD /* Features */ = {
			isa = PBXGroup;
			children = (
				D8CFD29D29CBAD3A00B50CFD /* CachedImageView.swift */,
				D8CFD29F29CBAFE100B50CFD /* Cache.swift */,
			);
			path = Features;
			sourceTree = "<group>";
		};
/* End PBXGroup section */

/* Begin PBXNativeTarget section */
		D8CFD23929CB21B700B50CFD /* kyivstar */ = {
			isa = PBXNativeTarget;
			buildConfigurationList = D8CFD24E29CB21BB00B50CFD /* Build configuration list for PBXNativeTarget "kyivstar" */;
			buildPhases = (
				4089854267D136932BDBE64A /* [CP] Check Pods Manifest.lock */,
				D8CFD23629CB21B700B50CFD /* Sources */,
				D8CFD23729CB21B700B50CFD /* Frameworks */,
				D8CFD23829CB21B700B50CFD /* Resources */,
				B540B5BD7ACB8043842DA6B0 /* [CP] Embed Pods Frameworks */,
			);
			buildRules = (
			);
			dependencies = (
			);
			name = kyivstar;
			productName = kyivstar;
			productReference = D8CFD23A29CB21B700B50CFD /* kyivstar.app */;
			productType = "com.apple.product-type.application";
		};
/* End PBXNativeTarget section */

/* Begin PBXProject section */
		D8CFD23229CB21B700B50CFD /* Project object */ = {
			isa = PBXProject;
			attributes = {
				BuildIndependentTargetsInParallel = 1;
				LastSwiftUpdateCheck = 1410;
				LastUpgradeCheck = 1410;
				TargetAttributes = {
					D8CFD23929CB21B700B50CFD = {
						CreatedOnToolsVersion = 14.1;
					};
				};
			};
			buildConfigurationList = D8CFD23529CB21B700B50CFD /* Build configuration list for PBXProject "kyivstar" */;
			compatibilityVersion = "Xcode 13.0";
			developmentRegion = en;
			hasScannedForEncodings = 0;
			knownRegions = (
				en,
				Base,
			);
			mainGroup = D8CFD23129CB21B700B50CFD;
			productRefGroup = D8CFD23B29CB21B700B50CFD /* Products */;
			projectDirPath = "";
			projectRoot = "";
			targets = (
				D8CFD23929CB21B700B50CFD /* kyivstar */,
			);
		};
/* End PBXProject section */

/* Begin PBXResourcesBuildPhase section */
		D8CFD23829CB21B700B50CFD /* Resources */ = {
			isa = PBXResourcesBuildPhase;
			buildActionMask = 2147483647;
			files = (
				D8CFD24A29CB21BB00B50CFD /* LaunchScreen.storyboard in Resources */,
				D8CFD24729CB21BB00B50CFD /* Assets.xcassets in Resources */,
			);
			runOnlyForDeploymentPostprocessing = 0;
		};
/* End PBXResourcesBuildPhase section */

/* Begin PBXShellScriptBuildPhase section */
		4089854267D136932BDBE64A /* [CP] Check Pods Manifest.lock */ = {
			isa = PBXShellScriptBuildPhase;
			buildActionMask = 2147483647;
			files = (
			);
			inputFileListPaths = (
			);
			inputPaths = (
				"${PODS_PODFILE_DIR_PATH}/Podfile.lock",
				"${PODS_ROOT}/Manifest.lock",
			);
			name = "[CP] Check Pods Manifest.lock";
			outputFileListPaths = (
			);
			outputPaths = (
				"$(DERIVED_FILE_DIR)/Pods-kyivstar-checkManifestLockResult.txt",
			);
			runOnlyForDeploymentPostprocessing = 0;
			shellPath = /bin/sh;
			shellScript = "diff \"${PODS_PODFILE_DIR_PATH}/Podfile.lock\" \"${PODS_ROOT}/Manifest.lock\" > /dev/null\nif [ $? != 0 ] ; then\n    # print error to STDERR\n    echo \"error: The sandbox is not in sync with the Podfile.lock. Run 'pod install' or update your CocoaPods installation.\" >&2\n    exit 1\nfi\n# This output is used by Xcode 'outputs' to avoid re-running this script phase.\necho \"SUCCESS\" > \"${SCRIPT_OUTPUT_FILE_0}\"\n";
			showEnvVarsInLog = 0;
		};
		B540B5BD7ACB8043842DA6B0 /* [CP] Embed Pods Frameworks */ = {
			isa = PBXShellScriptBuildPhase;
			buildActionMask = 2147483647;
			files = (
			);
			inputFileListPaths = (
				"${PODS_ROOT}/Target Support Files/Pods-kyivstar/Pods-kyivstar-frameworks-${CONFIGURATION}-input-files.xcfilelist",
			);
			name = "[CP] Embed Pods Frameworks";
			outputFileListPaths = (
				"${PODS_ROOT}/Target Support Files/Pods-kyivstar/Pods-kyivstar-frameworks-${CONFIGURATION}-output-files.xcfilelist",
			);
			runOnlyForDeploymentPostprocessing = 0;
			shellPath = /bin/sh;
			shellScript = "\"${PODS_ROOT}/Target Support Files/Pods-kyivstar/Pods-kyivstar-frameworks.sh\"\n";
			showEnvVarsInLog = 0;
		};
/* End PBXShellScriptBuildPhase section */

/* Begin PBXSourcesBuildPhase section */
		D8CFD23629CB21B700B50CFD /* Sources */ = {
			isa = PBXSourcesBuildPhase;
			buildActionMask = 2147483647;
			files = (
				D8CFD29729CBA84700B50CFD /* GeneratorEndpoint.swift in Sources */,
				D8CFD29929CBAA1A00B50CFD /* GeneratorRepository.swift in Sources */,
				D8CFD29E29CBAD3A00B50CFD /* CachedImageView.swift in Sources */,
				D8CFD26D29CB7A7900B50CFD /* CategoryCollectionViewCell.swift in Sources */,
				D8CFD28729CB9AB600B50CFD /* Asset.swift in Sources */,
				D8CFD24229CB21B800B50CFD /* HomeViewController.swift in Sources */,
				D8CFD29B29CBAAAE00B50CFD /* GetCategoriesResponse.swift in Sources */,
				D8CFD26F29CB7C7D00B50CFD /* NoveltyCollectionViewCell.swift in Sources */,
				D8CFD28129CB8C6400B50CFD /* Item.swift in Sources */,
				D8CFD23E29CB21B800B50CFD /* AppDelegate.swift in Sources */,
				D8CFD27129CB7D7800B50CFD /* ChildrenCollectionViewCell.swift in Sources */,
				D8CFD26429CB3D6A00B50CFD /* SectionHeaderView.swift in Sources */,
				D8CFD2A029CBAFE100B50CFD /* Cache.swift in Sources */,
				D8CFD27B29CB8A1000B50CFD /* Promotion.swift in Sources */,
				D8CFD28B29CB9D6000B50CFD /* HomeViewModel.swift in Sources */,
				D8CFD27D29CB8B8800B50CFD /* Layout.swift in Sources */,
				D8CFD26A29CB44FB00B50CFD /* UICollectionView+ReuseId.swift in Sources */,
				D8CFD24029CB21B800B50CFD /* SceneDelegate.swift in Sources */,
				D8CFD28D29CBA3FD00B50CFD /* PromotionCollectionViewCell.swift in Sources */,
				D8CFD28F29CBA45B00B50CFD /* EducationalCollectionViewCell.swift in Sources */,
				D8CFD28929CB9AC300B50CFD /* Category.swift in Sources */,
			);
			runOnlyForDeploymentPostprocessing = 0;
		};
/* End PBXSourcesBuildPhase section */

/* Begin PBXVariantGroup section */
		D8CFD24829CB21BB00B50CFD /* LaunchScreen.storyboard */ = {
			isa = PBXVariantGroup;
			children = (
				D8CFD24929CB21BB00B50CFD /* Base */,
			);
			name = LaunchScreen.storyboard;
			sourceTree = "<group>";
		};
/* End PBXVariantGroup section */

/* Begin XCBuildConfiguration section */
		D8CFD24C29CB21BB00B50CFD /* Debug */ = {
			isa = XCBuildConfiguration;
			buildSettings = {
				ALWAYS_SEARCH_USER_PATHS = NO;
				CLANG_ANALYZER_NONNULL = YES;
				CLANG_ANALYZER_NUMBER_OBJECT_CONVERSION = YES_AGGRESSIVE;
				CLANG_CXX_LANGUAGE_STANDARD = "gnu++20";
				CLANG_ENABLE_MODULES = YES;
				CLANG_ENABLE_OBJC_ARC = YES;
				CLANG_ENABLE_OBJC_WEAK = YES;
				CLANG_WARN_BLOCK_CAPTURE_AUTORELEASING = YES;
				CLANG_WARN_BOOL_CONVERSION = YES;
				CLANG_WARN_COMMA = YES;
				CLANG_WARN_CONSTANT_CONVERSION = YES;
				CLANG_WARN_DEPRECATED_OBJC_IMPLEMENTATIONS = YES;
				CLANG_WARN_DIRECT_OBJC_ISA_USAGE = YES_ERROR;
				CLANG_WARN_DOCUMENTATION_COMMENTS = YES;
				CLANG_WARN_EMPTY_BODY = YES;
				CLANG_WARN_ENUM_CONVERSION = YES;
				CLANG_WARN_INFINITE_RECURSION = YES;
				CLANG_WARN_INT_CONVERSION = YES;
				CLANG_WARN_NON_LITERAL_NULL_CONVERSION = YES;
				CLANG_WARN_OBJC_IMPLICIT_RETAIN_SELF = YES;
				CLANG_WARN_OBJC_LITERAL_CONVERSION = YES;
				CLANG_WARN_OBJC_ROOT_CLASS = YES_ERROR;
				CLANG_WARN_QUOTED_INCLUDE_IN_FRAMEWORK_HEADER = YES;
				CLANG_WARN_RANGE_LOOP_ANALYSIS = YES;
				CLANG_WARN_STRICT_PROTOTYPES = YES;
				CLANG_WARN_SUSPICIOUS_MOVE = YES;
				CLANG_WARN_UNGUARDED_AVAILABILITY = YES_AGGRESSIVE;
				CLANG_WARN_UNREACHABLE_CODE = YES;
				CLANG_WARN__DUPLICATE_METHOD_MATCH = YES;
				COPY_PHASE_STRIP = NO;
				DEBUG_INFORMATION_FORMAT = dwarf;
				ENABLE_STRICT_OBJC_MSGSEND = YES;
				ENABLE_TESTABILITY = YES;
				GCC_C_LANGUAGE_STANDARD = gnu11;
				GCC_DYNAMIC_NO_PIC = NO;
				GCC_NO_COMMON_BLOCKS = YES;
				GCC_OPTIMIZATION_LEVEL = 0;
				GCC_PREPROCESSOR_DEFINITIONS = (
					"DEBUG=1",
					"$(inherited)",
				);
				GCC_WARN_64_TO_32_BIT_CONVERSION = YES;
				GCC_WARN_ABOUT_RETURN_TYPE = YES_ERROR;
				GCC_WARN_UNDECLARED_SELECTOR = YES;
				GCC_WARN_UNINITIALIZED_AUTOS = YES_AGGRESSIVE;
				GCC_WARN_UNUSED_FUNCTION = YES;
				GCC_WARN_UNUSED_VARIABLE = YES;
				IPHONEOS_DEPLOYMENT_TARGET = 16.1;
				MTL_ENABLE_DEBUG_INFO = INCLUDE_SOURCE;
				MTL_FAST_MATH = YES;
				ONLY_ACTIVE_ARCH = YES;
				SDKROOT = iphoneos;
				SWIFT_ACTIVE_COMPILATION_CONDITIONS = DEBUG;
				SWIFT_OPTIMIZATION_LEVEL = "-Onone";
			};
			name = Debug;
		};
		D8CFD24D29CB21BB00B50CFD /* Release */ = {
			isa = XCBuildConfiguration;
			buildSettings = {
				ALWAYS_SEARCH_USER_PATHS = NO;
				CLANG_ANALYZER_NONNULL = YES;
				CLANG_ANALYZER_NUMBER_OBJECT_CONVERSION = YES_AGGRESSIVE;
				CLANG_CXX_LANGUAGE_STANDARD = "gnu++20";
				CLANG_ENABLE_MODULES = YES;
				CLANG_ENABLE_OBJC_ARC = YES;
				CLANG_ENABLE_OBJC_WEAK = YES;
				CLANG_WARN_BLOCK_CAPTURE_AUTORELEASING = YES;
				CLANG_WARN_BOOL_CONVERSION = YES;
				CLANG_WARN_COMMA = YES;
				CLANG_WARN_CONSTANT_CONVERSION = YES;
				CLANG_WARN_DEPRECATED_OBJC_IMPLEMENTATIONS = YES;
				CLANG_WARN_DIRECT_OBJC_ISA_USAGE = YES_ERROR;
				CLANG_WARN_DOCUMENTATION_COMMENTS = YES;
				CLANG_WARN_EMPTY_BODY = YES;
				CLANG_WARN_ENUM_CONVERSION = YES;
				CLANG_WARN_INFINITE_RECURSION = YES;
				CLANG_WARN_INT_CONVERSION = YES;
				CLANG_WARN_NON_LITERAL_NULL_CONVERSION = YES;
				CLANG_WARN_OBJC_IMPLICIT_RETAIN_SELF = YES;
				CLANG_WARN_OBJC_LITERAL_CONVERSION = YES;
				CLANG_WARN_OBJC_ROOT_CLASS = YES_ERROR;
				CLANG_WARN_QUOTED_INCLUDE_IN_FRAMEWORK_HEADER = YES;
				CLANG_WARN_RANGE_LOOP_ANALYSIS = YES;
				CLANG_WARN_STRICT_PROTOTYPES = YES;
				CLANG_WARN_SUSPICIOUS_MOVE = YES;
				CLANG_WARN_UNGUARDED_AVAILABILITY = YES_AGGRESSIVE;
				CLANG_WARN_UNREACHABLE_CODE = YES;
				CLANG_WARN__DUPLICATE_METHOD_MATCH = YES;
				COPY_PHASE_STRIP = NO;
				DEBUG_INFORMATION_FORMAT = "dwarf-with-dsym";
				ENABLE_NS_ASSERTIONS = NO;
				ENABLE_STRICT_OBJC_MSGSEND = YES;
				GCC_C_LANGUAGE_STANDARD = gnu11;
				GCC_NO_COMMON_BLOCKS = YES;
				GCC_WARN_64_TO_32_BIT_CONVERSION = YES;
				GCC_WARN_ABOUT_RETURN_TYPE = YES_ERROR;
				GCC_WARN_UNDECLARED_SELECTOR = YES;
				GCC_WARN_UNINITIALIZED_AUTOS = YES_AGGRESSIVE;
				GCC_WARN_UNUSED_FUNCTION = YES;
				GCC_WARN_UNUSED_VARIABLE = YES;
				IPHONEOS_DEPLOYMENT_TARGET = 16.1;
				MTL_ENABLE_DEBUG_INFO = NO;
				MTL_FAST_MATH = YES;
				SDKROOT = iphoneos;
				SWIFT_COMPILATION_MODE = wholemodule;
				SWIFT_OPTIMIZATION_LEVEL = "-O";
				VALIDATE_PRODUCT = YES;
			};
			name = Release;
		};
		D8CFD24F29CB21BB00B50CFD /* Debug */ = {
			isa = XCBuildConfiguration;
			baseConfigurationReference = 3F95DF8056D51543401FA058 /* Pods-kyivstar.debug.xcconfig */;
			buildSettings = {
				ASSETCATALOG_COMPILER_APPICON_NAME = AppIcon;
				ASSETCATALOG_COMPILER_GLOBAL_ACCENT_COLOR_NAME = AccentColor;
				CODE_SIGN_STYLE = Automatic;
				CURRENT_PROJECT_VERSION = 1;
				DEVELOPMENT_TEAM = 4N5Z8SSZ59;
				GENERATE_INFOPLIST_FILE = YES;
				INFOPLIST_FILE = kyivstar/Info.plist;
				INFOPLIST_KEY_UIApplicationSupportsIndirectInputEvents = YES;
				INFOPLIST_KEY_UILaunchStoryboardName = LaunchScreen;
				INFOPLIST_KEY_UISupportedInterfaceOrientations_iPad = "UIInterfaceOrientationPortrait UIInterfaceOrientationPortraitUpsideDown UIInterfaceOrientationLandscapeLeft UIInterfaceOrientationLandscapeRight";
				INFOPLIST_KEY_UISupportedInterfaceOrientations_iPhone = "UIInterfaceOrientationPortrait UIInterfaceOrientationLandscapeLeft UIInterfaceOrientationLandscapeRight";
				IPHONEOS_DEPLOYMENT_TARGET = 13.4;
				LD_RUNPATH_SEARCH_PATHS = (
					"$(inherited)",
					"@executable_path/Frameworks",
				);
				MARKETING_VERSION = 1.0;
				PRODUCT_BUNDLE_IDENTIFIER = debavlad.kyivstar;
				PRODUCT_NAME = "$(TARGET_NAME)";
				SWIFT_EMIT_LOC_STRINGS = YES;
				SWIFT_VERSION = 5.0;
				TARGETED_DEVICE_FAMILY = "1,2";
			};
			name = Debug;
		};
		D8CFD25029CB21BB00B50CFD /* Release */ = {
			isa = XCBuildConfiguration;
			baseConfigurationReference = 672DBF4E922080DB492D58A2 /* Pods-kyivstar.release.xcconfig */;
			buildSettings = {
				ASSETCATALOG_COMPILER_APPICON_NAME = AppIcon;
				ASSETCATALOG_COMPILER_GLOBAL_ACCENT_COLOR_NAME = AccentColor;
				CODE_SIGN_STYLE = Automatic;
				CURRENT_PROJECT_VERSION = 1;
				DEVELOPMENT_TEAM = 4N5Z8SSZ59;
				GENERATE_INFOPLIST_FILE = YES;
				INFOPLIST_FILE = kyivstar/Info.plist;
				INFOPLIST_KEY_UIApplicationSupportsIndirectInputEvents = YES;
				INFOPLIST_KEY_UILaunchStoryboardName = LaunchScreen;
				INFOPLIST_KEY_UISupportedInterfaceOrientations_iPad = "UIInterfaceOrientationPortrait UIInterfaceOrientationPortraitUpsideDown UIInterfaceOrientationLandscapeLeft UIInterfaceOrientationLandscapeRight";
				INFOPLIST_KEY_UISupportedInterfaceOrientations_iPhone = "UIInterfaceOrientationPortrait UIInterfaceOrientationLandscapeLeft UIInterfaceOrientationLandscapeRight";
				IPHONEOS_DEPLOYMENT_TARGET = 13.4;
				LD_RUNPATH_SEARCH_PATHS = (
					"$(inherited)",
					"@executable_path/Frameworks",
				);
				MARKETING_VERSION = 1.0;
				PRODUCT_BUNDLE_IDENTIFIER = debavlad.kyivstar;
				PRODUCT_NAME = "$(TARGET_NAME)";
				SWIFT_EMIT_LOC_STRINGS = YES;
				SWIFT_VERSION = 5.0;
				TARGETED_DEVICE_FAMILY = "1,2";
			};
			name = Release;
		};
/* End XCBuildConfiguration section */

/* Begin XCConfigurationList section */
		D8CFD23529CB21B700B50CFD /* Build configuration list for PBXProject "kyivstar" */ = {
			isa = XCConfigurationList;
			buildConfigurations = (
				D8CFD24C29CB21BB00B50CFD /* Debug */,
				D8CFD24D29CB21BB00B50CFD /* Release */,
			);
			defaultConfigurationIsVisible = 0;
			defaultConfigurationName = Release;
		};
		D8CFD24E29CB21BB00B50CFD /* Build configuration list for PBXNativeTarget "kyivstar" */ = {
			isa = XCConfigurationList;
			buildConfigurations = (
				D8CFD24F29CB21BB00B50CFD /* Debug */,
				D8CFD25029CB21BB00B50CFD /* Release */,
			);
			defaultConfigurationIsVisible = 0;
			defaultConfigurationName = Release;
		};
/* End XCConfigurationList section */
	};
	rootObject = D8CFD23229CB21B700B50CFD /* Project object */;
}
